
Microsoft Visual Studio Solution File, Format Version 12.00
# Visual Studio 15
VisualStudioVersion = 15.0.26403.3
MinimumVisualStudioVersion = 10.0.40219.1
Project("{9092AA53-FB77-4645-B42D-1CCCA6BD08BD}") = "express_rest_api", "express_rest_api\express_rest_api.njsproj", "{BA025BA7-8DED-4F55-A175-8F8C39FD4E62}"
EndProject
Global
	GlobalSection(SolutionConfigurationPlatforms) = preSolution
		Debug|Any CPU = Debug|Any CPU
		Release|Any CPU = Release|Any CPU
	EndGlobalSection
	GlobalSection(ProjectConfigurationPlatforms) = postSolution
		{BA025BA7-8DED-4F55-A175-8F8C39FD4E62}.Debug|Any CPU.ActiveCfg = Debug|Any CPU
		{BA025BA7-8DED-4F55-A175-8F8C39FD4E62}.Debug|Any CPU.Build.0 = Debug|Any CPU
		{BA025BA7-8DED-4F55-A175-8F8C39FD4E62}.Release|Any CPU.ActiveCfg = Release|Any CPU
		{BA025BA7-8DED-4F55-A175-8F8C39FD4E62}.Release|Any CPU.Build.0 = Release|Any CPU
	EndGlobalSection
	GlobalSection(SolutionProperties) = preSolution
		HideSolutionNode = FALSE
	EndGlobalSection
EndGlobal
